{
  "name": "Reusable",
  "lockfileVersion": 3,
  "requires": true,
  "packages": {
    "": {
      "dependencies": {
        "hpw": "^0.2.4"
      }
    },
    "node_modules/concolor": {
      "version": "1.1.0",
      "resolved": "https://registry.npmjs.org/concolor/-/concolor-1.1.0.tgz",
      "integrity": "sha512-+3Fv9sVckhuzfksFU3e0lONmWKiL+Z88/R01KpAIqW2gVsmL8Ojw/KhkVcyAEeQeVBZcbb9zoDFbVcfVj4Pg9A==",
      "license": "MIT",
      "engines": {
        "node": "18 || 20"
      },
      "funding": {
        "type": "patreon",
        "url": "https://www.patreon.com/tshemsedinov"
      }
    },
    "node_modules/hpw": {
      "version": "0.2.4",
      "resolved": "https://registry.npmjs.org/hpw/-/hpw-0.2.4.tgz",
      "integrity": "sha512-u+um7velrF+MPZLwLvY0+Yh5pSxwxWIZxW6fAhrwLNkRDPNCFekBO1+qNJegcjJ5L0B1Wk8101GHwDwEqFbgYw==",
      "license": "MIT",
      "dependencies": {
        "concolor": "^1.0.6"
      },
      "bin": {
        "hpw": "bin/hpw.js"
      },
      "engines": {
        "node": ">=18.0.0"
      },
      "funding": {
        "url": "https://www.patreon.com/tshemsedinov"
      }
    }
  }
}
